
Microsoft Visual Studio Solution File, Format Version 12.00
# Visual Studio 15
VisualStudioVersion = 15.0.28307.572
MinimumVisualStudioVersion = 10.0.40219.1
Project("{9A19103F-16F7-4668-BE54-9A1E7A4F7556}") = "CodingCat.RabbitMq", "CodingCat.RabbitMq\CodingCat.RabbitMq.csproj", "{1C5A7644-1AAC-4860-B0D3-30E95481BE83}"
EndProject
Project("{FAE04EC0-301F-11D3-BF4B-00C04F79EFBC}") = "CodingCat.RabbitMq.Tests", "CodingCat.RabbitMq.Tests\CodingCat.RabbitMq.Tests.csproj", "{D83C85C1-6410-47F3-85A2-234B8A804A98}"
EndProject
Project("{9A19103F-16F7-4668-BE54-9A1E7A4F7556}") = "CodingCat.RabbitMq.PubSub", "CodingCat.RabbitMq.PubSub\CodingCat.RabbitMq.PubSub.csproj", "{6D460842-81F7-4CB0-8DBE-11C35574E46C}"
EndProject
Project("{9A19103F-16F7-4668-BE54-9A1E7A4F7556}") = "CodingCat.RabbitMq.Abstractions", "..\..\dotnet-CodingCat.RabbitMq.Abstractions\CodingCat.RabbitMq.Abstractions\CodingCat.RabbitMq.Abstractions\CodingCat.RabbitMq.Abstractions.csproj", "{FD1160A6-9316-4559-AD4E-61A21B9F9FD7}"
EndProject
Global
	GlobalSection(SolutionConfigurationPlatforms) = preSolution
		Debug|Any CPU = Debug|Any CPU
		Release|Any CPU = Release|Any CPU
	EndGlobalSection
	GlobalSection(ProjectConfigurationPlatforms) = postSolution
		{1C5A7644-1AAC-4860-B0D3-30E95481BE83}.Debug|Any CPU.ActiveCfg = Debug|Any CPU
		{1C5A7644-1AAC-4860-B0D3-30E95481BE83}.Debug|Any CPU.Build.0 = Debug|Any CPU
		{1C5A7644-1AAC-4860-B0D3-30E95481BE83}.Release|Any CPU.ActiveCfg = Release|Any CPU
		{1C5A7644-1AAC-4860-B0D3-30E95481BE83}.Release|Any CPU.Build.0 = Release|Any CPU
		{D83C85C1-6410-47F3-85A2-234B8A804A98}.Debug|Any CPU.ActiveCfg = Debug|Any CPU
		{D83C85C1-6410-47F3-85A2-234B8A804A98}.Debug|Any CPU.Build.0 = Debug|Any CPU
		{D83C85C1-6410-47F3-85A2-234B8A804A98}.Release|Any CPU.ActiveCfg = Release|Any CPU
		{D83C85C1-6410-47F3-85A2-234B8A804A98}.Release|Any CPU.Build.0 = Release|Any CPU
		{6D460842-81F7-4CB0-8DBE-11C35574E46C}.Debug|Any CPU.ActiveCfg = Debug|Any CPU
		{6D460842-81F7-4CB0-8DBE-11C35574E46C}.Debug|Any CPU.Build.0 = Debug|Any CPU
		{6D460842-81F7-4CB0-8DBE-11C35574E46C}.Release|Any CPU.ActiveCfg = Release|Any CPU
		{6D460842-81F7-4CB0-8DBE-11C35574E46C}.Release|Any CPU.Build.0 = Release|Any CPU
		{FD1160A6-9316-4559-AD4E-61A21B9F9FD7}.Debug|Any CPU.ActiveCfg = Debug|Any CPU
		{FD1160A6-9316-4559-AD4E-61A21B9F9FD7}.Debug|Any CPU.Build.0 = Debug|Any CPU
		{FD1160A6-9316-4559-AD4E-61A21B9F9FD7}.Release|Any CPU.ActiveCfg = Release|Any CPU
		{FD1160A6-9316-4559-AD4E-61A21B9F9FD7}.Release|Any CPU.Build.0 = Release|Any CPU
	EndGlobalSection
	GlobalSection(SolutionProperties) = preSolution
		HideSolutionNode = FALSE
	EndGlobalSection
	GlobalSection(ExtensibilityGlobals) = postSolution
		SolutionGuid = {349D9869-F8DC-4EA9-BE8B-ACDA153292D1}
	EndGlobalSection
EndGlobal
